// !$*UTF8*$!
{
	archiveVersion = 1;
	classes = {
	};
	objectVersion = 46;
	objects = {

/* Begin PBXBuildFile section */
		D908449D1C7B1AC200FA7439 /* aos.wav in Resources */ = {isa = PBXBuildFile; fileRef = D908449C1C7B1AC200FA7439 /* aos.wav */; };
		D926BD041C72759300B58343 /* WaypointModel.swift in Sources */ = {isa = PBXBuildFile; fileRef = D926BD031C72759300B58343 /* WaypointModel.swift */; };
		D926BD091C728EBB00B58343 /* WaypointModelCollection.swift in Sources */ = {isa = PBXBuildFile; fileRef = D926BD081C728EBB00B58343 /* WaypointModelCollection.swift */; };
		D93D2CE01C7230B600EBB0D8 /* AppDelegate.swift in Sources */ = {isa = PBXBuildFile; fileRef = D93D2CDF1C7230B600EBB0D8 /* AppDelegate.swift */; };
		D93D2CE51C7230B600EBB0D8 /* Main.storyboard in Resources */ = {isa = PBXBuildFile; fileRef = D93D2CE31C7230B600EBB0D8 /* Main.storyboard */; };
		D93D2CE71C7230B600EBB0D8 /* Assets.xcassets in Resources */ = {isa = PBXBuildFile; fileRef = D93D2CE61C7230B600EBB0D8 /* Assets.xcassets */; };
		D93D2CEA1C7230B600EBB0D8 /* LaunchScreen.storyboard in Resources */ = {isa = PBXBuildFile; fileRef = D93D2CE81C7230B600EBB0D8 /* LaunchScreen.storyboard */; };
		D93D2CF31C72313200EBB0D8 /* WaypointTableViewController.swift in Sources */ = {isa = PBXBuildFile; fileRef = D93D2CF21C72313200EBB0D8 /* WaypointTableViewController.swift */; };
		D93D2CF51C7231A100EBB0D8 /* Waypoint.swift in Sources */ = {isa = PBXBuildFile; fileRef = D93D2CF41C7231A100EBB0D8 /* Waypoint.swift */; };
		D93D2CF71C72345200EBB0D8 /* WaypointTableViewCell.swift in Sources */ = {isa = PBXBuildFile; fileRef = D93D2CF61C72345200EBB0D8 /* WaypointTableViewCell.swift */; };
		D93D2CF91C72389100EBB0D8 /* AddWaypointViewController.swift in Sources */ = {isa = PBXBuildFile; fileRef = D93D2CF81C72389100EBB0D8 /* AddWaypointViewController.swift */; };
		D967545A1C76676000427BD9 /* NavigateViewController.swift in Sources */ = {isa = PBXBuildFile; fileRef = D96754591C76676000427BD9 /* NavigateViewController.swift */; };
		D96754601C77684200427BD9 /* SettingsViewController.swift in Sources */ = {isa = PBXBuildFile; fileRef = D967545F1C77684200427BD9 /* SettingsViewController.swift */; };
		D9B767181CA4355000F7528C /* Globals.swift in Sources */ = {isa = PBXBuildFile; fileRef = D9B767171CA4355000F7528C /* Globals.swift */; };
		D9B7671A1CA69D4E00F7528C /* yaay.wav in Resources */ = {isa = PBXBuildFile; fileRef = D9B767191CA69D4E00F7528C /* yaay.wav */; };
		D9EF4E811C753CB800D62F7A /* Audio.swift in Sources */ = {isa = PBXBuildFile; fileRef = D9EF4E801C753CB800D62F7A /* Audio.swift */; };
		D9EF4E8C1C7554D400D62F7A /* LocationTracker.swift in Sources */ = {isa = PBXBuildFile; fileRef = D9EF4E8B1C7554D400D62F7A /* LocationTracker.swift */; };
		D9EF4E8E1C7554F900D62F7A /* MasterTracker.swift in Sources */ = {isa = PBXBuildFile; fileRef = D9EF4E8D1C7554F900D62F7A /* MasterTracker.swift */; };
		D9FFB5F81CA1C8E500DEE554 /* sonar.wav in Resources */ = {isa = PBXBuildFile; fileRef = D9FFB5F71CA1C8E500DEE554 /* sonar.wav */; };
/* End PBXBuildFile section */

/* Begin PBXFileReference section */
		D908449C1C7B1AC200FA7439 /* aos.wav */ = {isa = PBXFileReference; lastKnownFileType = audio.wav; path = aos.wav; sourceTree = "<group>"; };
		D926BD031C72759300B58343 /* WaypointModel.swift */ = {isa = PBXFileReference; fileEncoding = 4; lastKnownFileType = sourcecode.swift; path = WaypointModel.swift; sourceTree = "<group>"; };
		D926BD081C728EBB00B58343 /* WaypointModelCollection.swift */ = {isa = PBXFileReference; fileEncoding = 4; lastKnownFileType = sourcecode.swift; path = WaypointModelCollection.swift; sourceTree = "<group>"; };
		D93D2CDC1C7230B600EBB0D8 /* WaypointList.app */ = {isa = PBXFileReference; explicitFileType = wrapper.application; includeInIndex = 0; path = WaypointList.app; sourceTree = BUILT_PRODUCTS_DIR; };
		D93D2CDF1C7230B600EBB0D8 /* AppDelegate.swift */ = {isa = PBXFileReference; lastKnownFileType = sourcecode.swift; name = AppDelegate.swift; path = WaypointList/AppDelegate.swift; sourceTree = "<group>"; };
		D93D2CE41C7230B600EBB0D8 /* Base */ = {isa = PBXFileReference; lastKnownFileType = file.storyboard; name = Base; path = Base.lproj/Main.storyboard; sourceTree = "<group>"; };
		D93D2CE61C7230B600EBB0D8 /* Assets.xcassets */ = {isa = PBXFileReference; lastKnownFileType = folder.assetcatalog; name = Assets.xcassets; path = WaypointList/Assets.xcassets; sourceTree = "<group>"; };
		D93D2CE91C7230B600EBB0D8 /* Base */ = {isa = PBXFileReference; lastKnownFileType = file.storyboard; name = Base; path = Base.lproj/LaunchScreen.storyboard; sourceTree = "<group>"; };
		D93D2CEB1C7230B600EBB0D8 /* Info.plist */ = {isa = PBXFileReference; lastKnownFileType = text.plist.xml; name = Info.plist; path = WaypointList/Info.plist; sourceTree = "<group>"; };
		D93D2CF21C72313200EBB0D8 /* WaypointTableViewController.swift */ = {isa = PBXFileReference; fileEncoding = 4; lastKnownFileType = sourcecode.swift; name = WaypointTableViewController.swift; path = ../WaypointTableViewController.swift; sourceTree = "<group>"; };
		D93D2CF41C7231A100EBB0D8 /* Waypoint.swift */ = {isa = PBXFileReference; fileEncoding = 4; lastKnownFileType = sourcecode.swift; path = Waypoint.swift; sourceTree = "<group>"; };
		D93D2CF61C72345200EBB0D8 /* WaypointTableViewCell.swift */ = {isa = PBXFileReference; fileEncoding = 4; lastKnownFileType = sourcecode.swift; path = WaypointTableViewCell.swift; sourceTree = "<group>"; };
		D93D2CF81C72389100EBB0D8 /* AddWaypointViewController.swift */ = {isa = PBXFileReference; fileEncoding = 4; lastKnownFileType = sourcecode.swift; path = AddWaypointViewController.swift; sourceTree = "<group>"; };
		D96754591C76676000427BD9 /* NavigateViewController.swift */ = {isa = PBXFileReference; fileEncoding = 4; lastKnownFileType = sourcecode.swift; path = NavigateViewController.swift; sourceTree = "<group>"; };
		D967545F1C77684200427BD9 /* SettingsViewController.swift */ = {isa = PBXFileReference; fileEncoding = 4; lastKnownFileType = sourcecode.swift; path = SettingsViewController.swift; sourceTree = "<group>"; };
		D9B767171CA4355000F7528C /* Globals.swift */ = {isa = PBXFileReference; fileEncoding = 4; lastKnownFileType = sourcecode.swift; path = Globals.swift; sourceTree = "<group>"; };
		D9B767191CA69D4E00F7528C /* yaay.wav */ = {isa = PBXFileReference; lastKnownFileType = audio.wav; path = yaay.wav; sourceTree = "<group>"; };
		D9EF4E801C753CB800D62F7A /* Audio.swift */ = {isa = PBXFileReference; fileEncoding = 4; lastKnownFileType = sourcecode.swift; path = Audio.swift; sourceTree = "<group>"; };
		D9EF4E8B1C7554D400D62F7A /* LocationTracker.swift */ = {isa = PBXFileReference; fileEncoding = 4; lastKnownFileType = sourcecode.swift; path = LocationTracker.swift; sourceTree = "<group>"; };
		D9EF4E8D1C7554F900D62F7A /* MasterTracker.swift */ = {isa = PBXFileReference; fileEncoding = 4; lastKnownFileType = sourcecode.swift; path = MasterTracker.swift; sourceTree = "<group>"; };
		D9FFB5F71CA1C8E500DEE554 /* sonar.wav */ = {isa = PBXFileReference; lastKnownFileType = audio.wav; path = sonar.wav; sourceTree = "<group>"; };
/* End PBXFileReference section */

/* Begin PBXFrameworksBuildPhase section */
		D93D2CD91C7230B600EBB0D8 /* Frameworks */ = {
			isa = PBXFrameworksBuildPhase;
			buildActionMask = 2147483647;
			files = (
			);
			runOnlyForDeploymentPostprocessing = 0;
		};
/* End PBXFrameworksBuildPhase section */

/* Begin PBXGroup section */
		D926BD071C727F4D00B58343 /* WaypointData */ = {
			isa = PBXGroup;
			children = (
				D93D2CF41C7231A100EBB0D8 /* Waypoint.swift */,
				D926BD031C72759300B58343 /* WaypointModel.swift */,
				D926BD081C728EBB00B58343 /* WaypointModelCollection.swift */,
			);
			name = WaypointData;
			sourceTree = "<group>";
		};
		D926BD0A1C73E5A000B58343 /* WaypointModelViews */ = {
			isa = PBXGroup;
			children = (
				D93D2CF21C72313200EBB0D8 /* WaypointTableViewController.swift */,
				D93D2CF61C72345200EBB0D8 /* WaypointTableViewCell.swift */,
				D93D2CF81C72389100EBB0D8 /* AddWaypointViewController.swift */,
			);
			name = WaypointModelViews;
			sourceTree = "<group>";
		};
		D93D2CD31C7230B600EBB0D8 = {
			isa = PBXGroup;
			children = (
				D93D2CF11C7230C000EBB0D8 /* Supporting Files */,
				D93D2CDE1C7230B600EBB0D8 /* WaypointList */,
				D93D2CDD1C7230B600EBB0D8 /* Products */,
			);
			sourceTree = "<group>";
		};
		D93D2CDD1C7230B600EBB0D8 /* Products */ = {
			isa = PBXGroup;
			children = (
				D93D2CDC1C7230B600EBB0D8 /* WaypointList.app */,
			);
			name = Products;
			sourceTree = "<group>";
		};
		D93D2CDE1C7230B600EBB0D8 /* WaypointList */ = {
			isa = PBXGroup;
			children = (
				D96754581C76674800427BD9 /* Navigate */,
				D9EF4E8A1C75510500D62F7A /* Trackers */,
				D9EF4E7F1C753C5900D62F7A /* Audio */,
				D926BD0A1C73E5A000B58343 /* WaypointModelViews */,
				D926BD071C727F4D00B58343 /* WaypointData */,
				D93D2CE31C7230B600EBB0D8 /* Main.storyboard */,
				D967545F1C77684200427BD9 /* SettingsViewController.swift */,
				D9B767171CA4355000F7528C /* Globals.swift */,
			);
			path = WaypointList;
			sourceTree = "<group>";
		};
		D93D2CF11C7230C000EBB0D8 /* Supporting Files */ = {
			isa = PBXGroup;
			children = (
				D93D2CDF1C7230B600EBB0D8 /* AppDelegate.swift */,
				D93D2CE61C7230B600EBB0D8 /* Assets.xcassets */,
				D93D2CE81C7230B600EBB0D8 /* LaunchScreen.storyboard */,
				D93D2CEB1C7230B600EBB0D8 /* Info.plist */,
			);
			name = "Supporting Files";
			sourceTree = "<group>";
		};
		D96754581C76674800427BD9 /* Navigate */ = {
			isa = PBXGroup;
			children = (
				D96754591C76676000427BD9 /* NavigateViewController.swift */,
			);
			name = Navigate;
			sourceTree = "<group>";
		};
		D9EF4E7F1C753C5900D62F7A /* Audio */ = {
			isa = PBXGroup;
			children = (
				D908449C1C7B1AC200FA7439 /* aos.wav */,
				D9B767191CA69D4E00F7528C /* yaay.wav */,
				D9FFB5F71CA1C8E500DEE554 /* sonar.wav */,
				D9EF4E801C753CB800D62F7A /* Audio.swift */,
			);
			name = Audio;
			sourceTree = "<group>";
		};
		D9EF4E8A1C75510500D62F7A /* Trackers */ = {
			isa = PBXGroup;
			children = (
				D9EF4E8B1C7554D400D62F7A /* LocationTracker.swift */,
				D9EF4E8D1C7554F900D62F7A /* MasterTracker.swift */,
			);
			name = Trackers;
			sourceTree = "<group>";
		};
/* End PBXGroup section */

/* Begin PBXNativeTarget section */
		D93D2CDB1C7230B600EBB0D8 /* WaypointList */ = {
			isa = PBXNativeTarget;
			buildConfigurationList = D93D2CEE1C7230B600EBB0D8 /* Build configuration list for PBXNativeTarget "WaypointList" */;
			buildPhases = (
				D93D2CD81C7230B600EBB0D8 /* Sources */,
				D93D2CD91C7230B600EBB0D8 /* Frameworks */,
				D93D2CDA1C7230B600EBB0D8 /* Resources */,
			);
			buildRules = (
			);
			dependencies = (
			);
			name = WaypointList;
			productName = WaypointList;
			productReference = D93D2CDC1C7230B600EBB0D8 /* WaypointList.app */;
			productType = "com.apple.product-type.application";
		};
/* End PBXNativeTarget section */

/* Begin PBXProject section */
		D93D2CD41C7230B600EBB0D8 /* Project object */ = {
			isa = PBXProject;
			attributes = {
				LastSwiftUpdateCheck = 0720;
				LastUpgradeCheck = 0720;
				ORGANIZATIONNAME = maxkrog;
				TargetAttributes = {
					D93D2CDB1C7230B600EBB0D8 = {
						CreatedOnToolsVersion = 7.2;
						DevelopmentTeam = P7P24R869F;
					};
				};
			};
			buildConfigurationList = D93D2CD71C7230B600EBB0D8 /* Build configuration list for PBXProject "WaypointList" */;
			compatibilityVersion = "Xcode 3.2";
			developmentRegion = English;
			hasScannedForEncodings = 0;
			knownRegions = (
				en,
				Base,
			);
			mainGroup = D93D2CD31C7230B600EBB0D8;
			productRefGroup = D93D2CDD1C7230B600EBB0D8 /* Products */;
			projectDirPath = "";
			projectRoot = "";
			targets = (
				D93D2CDB1C7230B600EBB0D8 /* WaypointList */,
			);
		};
/* End PBXProject section */

/* Begin PBXResourcesBuildPhase section */
		D93D2CDA1C7230B600EBB0D8 /* Resources */ = {
			isa = PBXResourcesBuildPhase;
			buildActionMask = 2147483647;
			files = (
				D9B7671A1CA69D4E00F7528C /* yaay.wav in Resources */,
				D908449D1C7B1AC200FA7439 /* aos.wav in Resources */,
				D93D2CEA1C7230B600EBB0D8 /* LaunchScreen.storyboard in Resources */,
				D9FFB5F81CA1C8E500DEE554 /* sonar.wav in Resources */,
				D93D2CE71C7230B600EBB0D8 /* Assets.xcassets in Resources */,
				D93D2CE51C7230B600EBB0D8 /* Main.storyboard in Resources */,
			);
			runOnlyForDeploymentPostprocessing = 0;
		};
/* End PBXResourcesBuildPhase section */

/* Begin PBXSourcesBuildPhase section */
		D93D2CD81C7230B600EBB0D8 /* Sources */ = {
			isa = PBXSourcesBuildPhase;
			buildActionMask = 2147483647;
			files = (
				D9EF4E811C753CB800D62F7A /* Audio.swift in Sources */,
				D93D2CF71C72345200EBB0D8 /* WaypointTableViewCell.swift in Sources */,
				D93D2CF31C72313200EBB0D8 /* WaypointTableViewController.swift in Sources */,
				D926BD041C72759300B58343 /* WaypointModel.swift in Sources */,
				D926BD091C728EBB00B58343 /* WaypointModelCollection.swift in Sources */,
				D93D2CF51C7231A100EBB0D8 /* Waypoint.swift in Sources */,
				D9B767181CA4355000F7528C /* Globals.swift in Sources */,
				D93D2CE01C7230B600EBB0D8 /* AppDelegate.swift in Sources */,
				D967545A1C76676000427BD9 /* NavigateViewController.swift in Sources */,
				D93D2CF91C72389100EBB0D8 /* AddWaypointViewController.swift in Sources */,
				D9EF4E8C1C7554D400D62F7A /* LocationTracker.swift in Sources */,
				D9EF4E8E1C7554F900D62F7A /* MasterTracker.swift in Sources */,
				D96754601C77684200427BD9 /* SettingsViewController.swift in Sources */,
			);
			runOnlyForDeploymentPostprocessing = 0;
		};
/* End PBXSourcesBuildPhase section */

/* Begin PBXVariantGroup section */
		D93D2CE31C7230B600EBB0D8 /* Main.storyboard */ = {
			isa = PBXVariantGroup;
			children = (
				D93D2CE41C7230B600EBB0D8 /* Base */,
			);
			name = Main.storyboard;
			sourceTree = "<group>";
		};
		D93D2CE81C7230B600EBB0D8 /* LaunchScreen.storyboard */ = {
			isa = PBXVariantGroup;
			children = (
				D93D2CE91C7230B600EBB0D8 /* Base */,
			);
			name = LaunchScreen.storyboard;
			path = WaypointList;
			sourceTree = "<group>";
		};
/* End PBXVariantGroup section */

/* Begin XCBuildConfiguration section */
		D93D2CEC1C7230B600EBB0D8 /* Debug */ = {
			isa = XCBuildConfiguration;
			buildSettings = {
				ALWAYS_SEARCH_USER_PATHS = NO;
				CLANG_CXX_LANGUAGE_STANDARD = "gnu++0x";
				CLANG_CXX_LIBRARY = "libc++";
				CLANG_ENABLE_MODULES = YES;
				CLANG_ENABLE_OBJC_ARC = YES;
				CLANG_WARN_BOOL_CONVERSION = YES;
				CLANG_WARN_CONSTANT_CONVERSION = YES;
				CLANG_WARN_DIRECT_OBJC_ISA_USAGE = YES_ERROR;
				CLANG_WARN_EMPTY_BODY = YES;
				CLANG_WARN_ENUM_CONVERSION = YES;
				CLANG_WARN_INT_CONVERSION = YES;
				CLANG_WARN_OBJC_ROOT_CLASS = YES_ERROR;
				CLANG_WARN_UNREACHABLE_CODE = YES;
				CLANG_WARN__DUPLICATE_METHOD_MATCH = YES;
				"CODE_SIGN_IDENTITY[sdk=iphoneos*]" = "iPhone Developer";
				COPY_PHASE_STRIP = NO;
				DEBUG_INFORMATION_FORMAT = dwarf;
				ENABLE_STRICT_OBJC_MSGSEND = YES;
				ENABLE_TESTABILITY = YES;
				GCC_C_LANGUAGE_STANDARD = gnu99;
				GCC_DYNAMIC_NO_PIC = NO;
				GCC_NO_COMMON_BLOCKS = YES;
				GCC_OPTIMIZATION_LEVEL = 0;
				GCC_PREPROCESSOR_DEFINITIONS = (
					"DEBUG=1",
					"$(inherited)",
				);
				GCC_WARN_64_TO_32_BIT_CONVERSION = YES;
				GCC_WARN_ABOUT_RETURN_TYPE = YES_ERROR;
				GCC_WARN_UNDECLARED_SELECTOR = YES;
				GCC_WARN_UNINITIALIZED_AUTOS = YES_AGGRESSIVE;
				GCC_WARN_UNUSED_FUNCTION = YES;
				GCC_WARN_UNUSED_VARIABLE = YES;
				IPHONEOS_DEPLOYMENT_TARGET = 9.2;
				MTL_ENABLE_DEBUG_INFO = YES;
				ONLY_ACTIVE_ARCH = YES;
				SDKROOT = iphoneos;
				SWIFT_OPTIMIZATION_LEVEL = "-Onone";
			};
			name = Debug;
		};
		D93D2CED1C7230B600EBB0D8 /* Release */ = {
			isa = XCBuildConfiguration;
			buildSettings = {
				ALWAYS_SEARCH_USER_PATHS = NO;
				CLANG_CXX_LANGUAGE_STANDARD = "gnu++0x";
				CLANG_CXX_LIBRARY = "libc++";
				CLANG_ENABLE_MODULES = YES;
				CLANG_ENABLE_OBJC_ARC = YES;
				CLANG_WARN_BOOL_CONVERSION = YES;
				CLANG_WARN_CONSTANT_CONVERSION = YES;
				CLANG_WARN_DIRECT_OBJC_ISA_USAGE = YES_ERROR;
				CLANG_WARN_EMPTY_BODY = YES;
				CLANG_WARN_ENUM_CONVERSION = YES;
				CLANG_WARN_INT_CONVERSION = YES;
				CLANG_WARN_OBJC_ROOT_CLASS = YES_ERROR;
				CLANG_WARN_UNREACHABLE_CODE = YES;
				CLANG_WARN__DUPLICATE_METHOD_MATCH = YES;
				"CODE_SIGN_IDENTITY[sdk=iphoneos*]" = "iPhone Developer";
				COPY_PHASE_STRIP = NO;
				DEBUG_INFORMATION_FORMAT = "dwarf-with-dsym";
				ENABLE_NS_ASSERTIONS = NO;
				ENABLE_STRICT_OBJC_MSGSEND = YES;
				GCC_C_LANGUAGE_STANDARD = gnu99;
				GCC_NO_COMMON_BLOCKS = YES;
				GCC_WARN_64_TO_32_BIT_CONVERSION = YES;
				GCC_WARN_ABOUT_RETURN_TYPE = YES_ERROR;
				GCC_WARN_UNDECLARED_SELECTOR = YES;
				GCC_WARN_UNINITIALIZED_AUTOS = YES_AGGRESSIVE;
				GCC_WARN_UNUSED_FUNCTION = YES;
				GCC_WARN_UNUSED_VARIABLE = YES;
				IPHONEOS_DEPLOYMENT_TARGET = 9.2;
				MTL_ENABLE_DEBUG_INFO = NO;
				SDKROOT = iphoneos;
				VALIDATE_PRODUCT = YES;
			};
			name = Release;
		};
		D93D2CEF1C7230B600EBB0D8 /* Debug */ = {
			isa = XCBuildConfiguration;
			buildSettings = {
				ASSETCATALOG_COMPILER_APPICON_NAME = AppIcon;
				CODE_SIGN_IDENTITY = "iPhone Developer";
				INFOPLIST_FILE = WaypointList/Info.plist;
				LD_RUNPATH_SEARCH_PATHS = "$(inherited) @executable_path/Frameworks";
				PRODUCT_BUNDLE_IDENTIFIER = avenir.maxkrog.WaypointList;
				PRODUCT_NAME = "$(TARGET_NAME)";
			};
			name = Debug;
		};
		D93D2CF01C7230B600EBB0D8 /* Release */ = {
			isa = XCBuildConfiguration;
			buildSettings = {
				ASSETCATALOG_COMPILER_APPICON_NAME = AppIcon;
				CODE_SIGN_IDENTITY = "iPhone Developer";
				INFOPLIST_FILE = WaypointList/Info.plist;
				LD_RUNPATH_SEARCH_PATHS = "$(inherited) @executable_path/Frameworks";
				PRODUCT_BUNDLE_IDENTIFIER = avenir.maxkrog.WaypointList;
				PRODUCT_NAME = "$(TARGET_NAME)";
			};
			name = Release;
		};
/* End XCBuildConfiguration section */

/* Begin XCConfigurationList section */
		D93D2CD71C7230B600EBB0D8 /* Build configuration list for PBXProject "WaypointList" */ = {
			isa = XCConfigurationList;
			buildConfigurations = (
				D93D2CEC1C7230B600EBB0D8 /* Debug */,
				D93D2CED1C7230B600EBB0D8 /* Release */,
			);
			defaultConfigurationIsVisible = 0;
			defaultConfigurationName = Release;
		};
		D93D2CEE1C7230B600EBB0D8 /* Build configuration list for PBXNativeTarget "WaypointList" */ = {
			isa = XCConfigurationList;
			buildConfigurations = (
				D93D2CEF1C7230B600EBB0D8 /* Debug */,
				D93D2CF01C7230B600EBB0D8 /* Release */,
			);
			defaultConfigurationIsVisible = 0;
			defaultConfigurationName = Release;
		};
/* End XCConfigurationList section */
	};
	rootObject = D93D2CD41C7230B600EBB0D8 /* Project object */;
}
